{
  "lockfileVersion": 1,
  "dependencies": {
    "firebase-admin": {
      "version": "5.3.0",
      "resolved": "https://registry.npmjs.org/firebase-admin/-/firebase-admin-5.3.0.tgz",
      "integrity": "sha1-FPTyAdc1jLWq9x6rUasEXw08cwY=",
      "dependencies": {
        "@google-cloud/common": {
          "version": "https://registry.npmjs.org/@google-cloud/common/-/common-0.13.5.tgz",
          "integrity": "sha1-uQWZ8pzpV7NmreqNfAw/NZPZgco="
        },
        "@google-cloud/storage": {
          "version": "https://registry.npmjs.org/@google-cloud/storage/-/storage-1.3.0.tgz",
          "integrity": "sha1-GTUmMrwrTE0wLMt2Oj5Mef45dy4="
        },
        "@types/jsonwebtoken": {
          "version": "https://registry.npmjs.org/@types/jsonwebtoken/-/jsonwebtoken-7.2.3.tgz",
          "integrity": "sha1-SDyPOZReHm0wjcxR/UrspSCNTco="
        },
        "@types/node": {
          "version": "https://registry.npmjs.org/@types/node/-/node-8.0.31.tgz",
          "integrity": "sha1-2a9hCTz0v8nwZso03gF1ASz7DOk="
        },
        "ajv": {
          "version": "https://registry.npmjs.org/ajv/-/ajv-5.2.3.tgz",
          "integrity": "sha1-wG9Zh3jETGsWGrr+NGa4GtGBTtI="
        },
        "array-uniq": {
          "version": "https://registry.npmjs.org/array-uniq/-/array-uniq-1.0.3.tgz",
          "integrity": "sha1-r2rId6Jcx/dOBYiUdThY39sk/bY="
        },
        "arrify": {
          "version": "https://registry.npmjs.org/arrify/-/arrify-1.0.1.tgz",
          "integrity": "sha1-iYUI2iIm84DfkEcoRWhJwVAaSw0="
        },
        "asn1": {
          "version": "https://registry.npmjs.org/asn1/-/asn1-0.2.3.tgz",
          "integrity": "sha1-2sh4dxPJlmhJ/IGAd36+nB3fO4Y="
        },
        "assert-plus": {
          "version": "https://registry.npmjs.org/assert-plus/-/assert-plus-1.0.0.tgz",
          "integrity": "sha1-8S4PPF13sLHN2RRpQuTpbB5N1SU="
        },
        "async": {
          "version": "https://registry.npmjs.org/async/-/async-2.5.0.tgz",
          "integrity": "sha1-hDGQ/WtzV6C54clW7d3V7IRitU0="
        },
        "asynckit": {
          "version": "https://registry.npmjs.org/asynckit/-/asynckit-0.4.0.tgz",
          "integrity": "sha1-x57Zf380y48robyXkLzDZkdLS3k="
        },
        "aws-sign2": {
          "version": "https://registry.npmjs.org/aws-sign2/-/aws-sign2-0.7.0.tgz",
          "integrity": "sha1-tG6JCTSpWR8tL2+G1+ap8bP+dqg="
        },
        "aws4": {
          "version": "https://registry.npmjs.org/aws4/-/aws4-1.6.0.tgz",
          "integrity": "sha1-g+9cqGCysy5KDe7e6MdxudtXRx4="
        },
        "base64url": {
          "version": "https://registry.npmjs.org/base64url/-/base64url-2.0.0.tgz",
          "integrity": "sha1-6sFuA+oUOO/5Qj1puqNiYu0fcLs="
        },
        "bcrypt-pbkdf": {
          "version": "https://registry.npmjs.org/bcrypt-pbkdf/-/bcrypt-pbkdf-1.0.1.tgz",
          "integrity": "sha1-Y7xdy2EzG5K8Bf1SiVPDNGKgb40=",
          "optional": true
        },
        "boom": {
          "version": "https://registry.npmjs.org/boom/-/boom-4.3.1.tgz",
          "integrity": "sha1-T4owBctKfjiJ90kDD9JbluAdLjE="
        },
        "buffer-equal": {
          "version": "https://registry.npmjs.org/buffer-equal/-/buffer-equal-1.0.0.tgz",
          "integrity": "sha1-WWFrSYME1Var1GaWayLu2j7KX74="
        },
        "buffer-equal-constant-time": {
          "version": "https://registry.npmjs.org/buffer-equal-constant-time/-/buffer-equal-constant-time-1.0.1.tgz",
          "integrity": "sha1-+OcRMvf/5uAaXJaXpMbz5I1cyBk="
        },
        "capture-stack-trace": {
          "version": "https://registry.npmjs.org/capture-stack-trace/-/capture-stack-trace-1.0.0.tgz",
          "integrity": "sha1-Sm+gc5nCa7pH8LJJa00PtAjFVQ0="
        },
        "caseless": {
          "version": "https://registry.npmjs.org/caseless/-/caseless-0.12.0.tgz",
          "integrity": "sha1-G2gcIf+EAzyCZUMJBolCDRhxUdw="
        },
        "co": {
          "version": "https://registry.npmjs.org/co/-/co-4.6.0.tgz",
          "integrity": "sha1-bqa989hTrlTMuOR7+gvz+QMfsYQ="
        },
        "combined-stream": {
          "version": "https://registry.npmjs.org/combined-stream/-/combined-stream-1.0.5.tgz",
          "integrity": "sha1-k4NwpXtKUd6ix3wV1cX9+JUWQAk="
        },
        "concat-stream": {
          "version": "https://registry.npmjs.org/concat-stream/-/concat-stream-1.6.0.tgz",
          "integrity": "sha1-CqxmL9Ur54lk1VMvaUeE5wEQrPc="
        },
        "configstore": {
          "version": "https://registry.npmjs.org/configstore/-/configstore-3.1.1.tgz",
          "integrity": "sha1-CU7mYquD+tmRdnjeEU+q6o/NypA="
        },
        "core-util-is": {
          "version": "https://registry.npmjs.org/core-util-is/-/core-util-is-1.0.2.tgz",
          "integrity": "sha1-tf1UIgqivFq1eqtxQMlAdUUDwac="
        },
        "create-error-class": {
          "version": "https://registry.npmjs.org/create-error-class/-/create-error-class-3.0.2.tgz",
          "integrity": "sha1-Br56vvlHo/FKMP1hBnHUAbyot7Y="
        },
        "cryptiles": {
          "version": "https://registry.npmjs.org/cryptiles/-/cryptiles-3.1.2.tgz",
          "integrity": "sha1-qJ+7Ig9c4l7FboxKqKT9e1sNKf4=",
          "dependencies": {
            "boom": {
              "version": "https://registry.npmjs.org/boom/-/boom-5.2.0.tgz",
              "integrity": "sha1-XdnabuOl8wIHdDYpDLcX0/SlTgI="
            }
          }
        },
        "crypto-random-string": {
          "version": "https://registry.npmjs.org/crypto-random-string/-/crypto-random-string-1.0.0.tgz",
          "integrity": "sha1-ojD2T1aDEOFJgAmUB5DsmVRbyn4="
        },
        "dashdash": {
          "version": "https://registry.npmjs.org/dashdash/-/dashdash-1.14.1.tgz",
          "integrity": "sha1-hTz6D3y+L+1d4gMmuN1YEDX24vA="
        },
        "delayed-stream": {
          "version": "https://registry.npmjs.org/delayed-stream/-/delayed-stream-1.0.0.tgz",
          "integrity": "sha1-3zrhmayt+31ECqrgsp4icrJOxhk="
        },
        "dot-prop": {
          "version": "https://registry.npmjs.org/dot-prop/-/dot-prop-4.2.0.tgz",
          "integrity": "sha1-HxngwuGqDjJ5fEl5nyg3rGr2nFc="
        },
        "duplexify": {
          "version": "https://registry.npmjs.org/duplexify/-/duplexify-3.5.1.tgz",
          "integrity": "sha1-ThUWvmiDi8kKSZlPCzmm5ZYL780="
        },
        "ecc-jsbn": {
          "version": "https://registry.npmjs.org/ecc-jsbn/-/ecc-jsbn-0.1.1.tgz",
          "integrity": "sha1-D8c6ntXw1Tw4GTOYUj735UN3dQU=",
          "optional": true
        },
        "ecdsa-sig-formatter": {
          "version": "https://registry.npmjs.org/ecdsa-sig-formatter/-/ecdsa-sig-formatter-1.0.9.tgz",
          "integrity": "sha1-S8kmJ07Dtau1AW5+HWCSGsJisqE="
        },
        "end-of-stream": {
          "version": "https://registry.npmjs.org/end-of-stream/-/end-of-stream-1.4.0.tgz",
          "integrity": "sha1-epDYM+/abPpurA9JSduw+tOmMgY="
        },
        "ent": {
          "version": "https://registry.npmjs.org/ent/-/ent-2.2.0.tgz",
          "integrity": "sha1-6WQhkyWiHQX0RGai9obtbOX13R0="
        },
        "extend": {
          "version": "https://registry.npmjs.org/extend/-/extend-3.0.1.tgz",
          "integrity": "sha1-p1Xqe8Gt/MWjHOfnYtuq3F5jZEQ="
        },
        "extsprintf": {
          "version": "https://registry.npmjs.org/extsprintf/-/extsprintf-1.3.0.tgz",
          "integrity": "sha1-lpGEQOMEGnpBT4xS48V06zw+HgU="
        },
        "fast-deep-equal": {
          "version": "https://registry.npmjs.org/fast-deep-equal/-/fast-deep-equal-1.0.0.tgz",
          "integrity": "sha1-liVqO8l1WV6zbYLpkp0GDYk0Of8="
        },
        "faye-websocket": {
          "version": "https://registry.npmjs.org/faye-websocket/-/faye-websocket-0.9.3.tgz",
          "integrity": "sha1-SCpQWw3wrmJrlphm0710DNuWLoM="
        },
        "forever-agent": {
          "version": "https://registry.npmjs.org/forever-agent/-/forever-agent-0.6.1.tgz",
          "integrity": "sha1-+8cfDEGt6zf5bFd60e1C2P2sypE="
        },
        "form-data": {
          "version": "https://registry.npmjs.org/form-data/-/form-data-2.3.1.tgz",
          "integrity": "sha1-b7lPvXGIUwbXPRXMSX/kzE7NRL8="
        },
        "gcp-metadata": {
          "version": "https://registry.npmjs.org/gcp-metadata/-/gcp-metadata-0.3.1.tgz",
          "integrity": "sha1-MTgURW58PQ7rj4sISzNXnohvgpo=",
          "dependencies": {
            "retry-request": {
              "version": "https://registry.npmjs.org/retry-request/-/retry-request-3.0.0.tgz",
              "integrity": "sha1-i60rHc8Ek4uyEeLO2GLlkbgvGRc="
            }
          }
        },
        "gcs-resumable-upload": {
          "version": "https://registry.npmjs.org/gcs-resumable-upload/-/gcs-resumable-upload-0.8.2.tgz",
          "integrity": "sha1-N98CRwQwOVp4mmN+csq8gGd66WQ="
        },
        "getpass": {
          "version": "https://registry.npmjs.org/getpass/-/getpass-0.1.7.tgz",
          "integrity": "sha1-Xv+OPmhNVprkyysSgmBOi6YhSfo="
        },
        "google-auth-library": {
          "version": "https://registry.npmjs.org/google-auth-library/-/google-auth-library-0.10.0.tgz",
          "integrity": "sha1-bhW6vuhf0d0U2NEoopW2g41SE24="
        },
        "google-auto-auth": {
          "version": "https://registry.npmjs.org/google-auto-auth/-/google-auto-auth-0.7.2.tgz",
          "integrity": "sha1-v5NS1cSgiXvzH9nEkQKLdl++px4="
        },
        "google-p12-pem": {
          "version": "https://registry.npmjs.org/google-p12-pem/-/google-p12-pem-0.1.2.tgz",
          "integrity": "sha1-M8RqsCGqc0+gMys5YKmj/8svMXc="
        },
        "graceful-fs": {
          "version": "https://registry.npmjs.org/graceful-fs/-/graceful-fs-4.1.11.tgz",
          "integrity": "sha1-Dovf5NHduIVNZOBOp8AOKgJuVlg="
        },
        "gtoken": {
          "version": "https://registry.npmjs.org/gtoken/-/gtoken-1.2.2.tgz",
          "integrity": "sha1-Fyd2oanZasCfwioA9b6DzubeiCA="
        },
        "har-schema": {
          "version": "https://registry.npmjs.org/har-schema/-/har-schema-2.0.0.tgz",
          "integrity": "sha1-qUwiJOvKwEeCoNkDVSHyRzW37JI="
        },
        "har-validator": {
          "version": "https://registry.npmjs.org/har-validator/-/har-validator-5.0.3.tgz",
          "integrity": "sha1-ukAsJmGU8VlW7xXg/PJCmT9qff0="
        },
        "hash-stream-validation": {
          "version": "https://registry.npmjs.org/hash-stream-validation/-/hash-stream-validation-0.2.1.tgz",
          "integrity": "sha1-7Mm5l7IYvluzEphii7gHhptz3NE="
        },
        "hawk": {
          "version": "https://registry.npmjs.org/hawk/-/hawk-6.0.2.tgz",
          "integrity": "sha1-r02RTrBl+bXOTZ0RwcshJu7MMDg="
        },
        "hoek": {
          "version": "https://registry.npmjs.org/hoek/-/hoek-4.2.0.tgz",
          "integrity": "sha1-ctnQdU9/4lyi0BrY+PmpRJqJUm0="
        },
        "http-parser-js": {
          "version": "https://registry.npmjs.org/http-parser-js/-/http-parser-js-0.4.8.tgz",
          "integrity": "sha1-dj91xLdxoLtEZTsHBwv/bKe8VWE="
        },
        "http-signature": {
          "version": "https://registry.npmjs.org/http-signature/-/http-signature-1.2.0.tgz",
          "integrity": "sha1-muzZJRFHcvPZW2WmCruPfBj7rOE="
        },
        "imurmurhash": {
          "version": "https://registry.npmjs.org/imurmurhash/-/imurmurhash-0.1.4.tgz",
          "integrity": "sha1-khi5srkoojixPcT7a21XbyMUU+o="
        },
        "inherits": {
          "version": "https://registry.npmjs.org/inherits/-/inherits-2.0.3.tgz",
          "integrity": "sha1-Yzwsg+PaQqUC9SRmAiSA9CCCYd4="
        },
        "is": {
          "version": "https://registry.npmjs.org/is/-/is-3.2.1.tgz",
          "integrity": "sha1-0Kwq1V63sL7JJqUmb2xmKqqD3KU="
        },
        "is-obj": {
          "version": "https://registry.npmjs.org/is-obj/-/is-obj-1.0.1.tgz",
          "integrity": "sha1-PkcprB9f3gJc19g6iW2rn09n2w8="
        },
        "is-stream-ended": {
          "version": "https://registry.npmjs.org/is-stream-ended/-/is-stream-ended-0.1.3.tgz",
          "integrity": "sha1-oEc7Jnx1ZjVIa+7cfjNE5UnRUqw="
        },
        "is-typedarray": {
          "version": "https://registry.npmjs.org/is-typedarray/-/is-typedarray-1.0.0.tgz",
          "integrity": "sha1-5HnICFjfDBsR3dppQPlgEfzaSpo="
        },
        "isarray": {
          "version": "https://registry.npmjs.org/isarray/-/isarray-1.0.0.tgz",
          "integrity": "sha1-u5NdSFgsuhaMBoNJV6VKPgcSTxE="
        },
        "isemail": {
          "version": "https://registry.npmjs.org/isemail/-/isemail-1.2.0.tgz",
          "integrity": "sha1-vgPfjMPineTSxd9lASY/H6RZXpo="
        },
        "isstream": {
          "version": "https://registry.npmjs.org/isstream/-/isstream-0.1.2.tgz",
          "integrity": "sha1-R+Y/evVa+m+S4VAOaQ64uFKcCZo="
        },
        "joi": {
          "version": "https://registry.npmjs.org/joi/-/joi-6.10.1.tgz",
          "integrity": "sha1-TVDDGAeRIgAP5fFq8f+OGRe3fgY=",
          "dependencies": {
            "hoek": {
              "version": "https://registry.npmjs.org/hoek/-/hoek-2.16.3.tgz",
              "integrity": "sha1-ILt0A9POo5jpHcRxCo/xuCdKJe0="
            }
          }
        },
        "jsbn": {
          "version": "https://registry.npmjs.org/jsbn/-/jsbn-0.1.1.tgz",
          "integrity": "sha1-peZUwuWi3rXyAdls77yoDA7y9RM=",
          "optional": true
        },
        "json-schema": {
          "version": "https://registry.npmjs.org/json-schema/-/json-schema-0.2.3.tgz",
          "integrity": "sha1-tIDIkuWaLwWVTOcnvT8qTogvnhM="
        },
        "json-schema-traverse": {
          "version": "https://registry.npmjs.org/json-schema-traverse/-/json-schema-traverse-0.3.1.tgz",
          "integrity": "sha1-NJptRMU6Ud6JtAgFxdXlm0F9M0A="
        },
        "json-stable-stringify": {
          "version": "https://registry.npmjs.org/json-stable-stringify/-/json-stable-stringify-1.0.1.tgz",
          "integrity": "sha1-mnWdOcXy/1A/1TAGRu1EX4jE+a8="
        },
        "json-stringify-safe": {
          "version": "https://registry.npmjs.org/json-stringify-safe/-/json-stringify-safe-5.0.1.tgz",
          "integrity": "sha1-Epai1Y/UXxmg9s4B1lcB4sc1tus="
        },
        "jsonify": {
          "version": "https://registry.npmjs.org/jsonify/-/jsonify-0.0.0.tgz",
          "integrity": "sha1-LHS27kHZPKUbe1qu6PUDYx0lKnM="
        },
        "jsonwebtoken": {
          "version": "https://registry.npmjs.org/jsonwebtoken/-/jsonwebtoken-7.1.9.tgz",
          "integrity": "sha1-hHgE5SWL7FqUmajcSl56O64I1Yo="
        },
        "jsprim": {
          "version": "https://registry.npmjs.org/jsprim/-/jsprim-1.4.1.tgz",
          "integrity": "sha1-MT5mvB5cwG5Di8G3SZwuXFastqI="
        },
        "jwa": {
          "version": "https://registry.npmjs.org/jwa/-/jwa-1.1.5.tgz",
          "integrity": "sha1-oFUs4CIHQs1S4VN3SjKQXDDnVuU="
        },
        "jws": {
          "version": "https://registry.npmjs.org/jws/-/jws-3.1.4.tgz",
          "integrity": "sha1-+ei5M46KhHJ31kRLFGT2GIDgUKI="
        },
        "lodash": {
          "version": "https://registry.npmjs.org/lodash/-/lodash-4.17.4.tgz",
          "integrity": "sha1-eCA6TRwyiuHYbcpkYONptX9AVa4="
        },
        "lodash.noop": {
          "version": "https://registry.npmjs.org/lodash.noop/-/lodash.noop-3.0.1.tgz",
          "integrity": "sha1-OBiPTWUKOkdCWEObluxFsyYXEzw="
        },
        "lodash.once": {
          "version": "https://registry.npmjs.org/lodash.once/-/lodash.once-4.1.1.tgz",
          "integrity": "sha1-DdOXEhPHxW34gJd9UEyI+0cal6w="
        },
        "log-driver": {
          "version": "https://registry.npmjs.org/log-driver/-/log-driver-1.2.5.tgz",
          "integrity": "sha1-euTsJXMC/XkNVXyxDJcQDYV7AFY="
        },
        "make-dir": {
          "version": "https://registry.npmjs.org/make-dir/-/make-dir-1.0.0.tgz",
          "integrity": "sha1-l6ARdR6R3YfPre9Ygy67BJNt6Xg="
        },
        "methmeth": {
          "version": "https://registry.npmjs.org/methmeth/-/methmeth-1.1.0.tgz",
          "integrity": "sha1-6AomYY5S9cQiKGG7dIUQvRDikIk="
        },
        "mime": {
          "version": "https://registry.npmjs.org/mime/-/mime-1.4.1.tgz",
          "integrity": "sha1-Eh+evEnjdm8xGnbh+hyAA8SwOqY="
        },
        "mime-db": {
          "version": "https://registry.npmjs.org/mime-db/-/mime-db-1.30.0.tgz",
          "integrity": "sha1-dMZD2i3Z1qRTmZY0ZbJtXKfXHwE="
        },
        "mime-types": {
          "version": "https://registry.npmjs.org/mime-types/-/mime-types-2.1.17.tgz",
          "integrity": "sha1-Cdejk/A+mVp5+K+Fe3Cp4KsWVXo="
        },
        "modelo": {
          "version": "https://registry.npmjs.org/modelo/-/modelo-4.2.0.tgz",
          "integrity": "sha1-O0tCACOmbKfjK9uhbnEJN+FNGws="
        },
        "moment": {
          "version": "https://registry.npmjs.org/moment/-/moment-2.18.1.tgz",
          "integrity": "sha1-w2GT3Tzhwu7SrbfIAtu8d6gbHA8="
        },
        "ms": {
          "version": "https://registry.npmjs.org/ms/-/ms-0.7.3.tgz",
          "integrity": "sha1-cIFVpeROM/X9D8U+gdDUCpG+H/8="
        },
        "node-forge": {
          "version": "https://registry.npmjs.org/node-forge/-/node-forge-0.7.1.tgz",
          "integrity": "sha1-naYR6giYL0uUIGs760zJZl8gwwA="
        },
        "oauth-sign": {
          "version": "https://registry.npmjs.org/oauth-sign/-/oauth-sign-0.8.2.tgz",
          "integrity": "sha1-Rqarfwrq2N6unsBWV4C31O/rnUM="
        },
        "once": {
          "version": "https://registry.npmjs.org/once/-/once-1.4.0.tgz",
          "integrity": "sha1-WDsap3WWHUsROsF9nFC6753Xa9E="
        },
        "performance-now": {
          "version": "https://registry.npmjs.org/performance-now/-/performance-now-2.1.0.tgz",
          "integrity": "sha1-Ywn04OX6kT7BxpMHrjZLSzd8nns="
        },
        "pify": {
          "version": "https://registry.npmjs.org/pify/-/pify-2.3.0.tgz",
          "integrity": "sha1-7RQaasBDqEnqWISY59yosVMw6Qw="
        },
        "process-nextick-args": {
          "version": "https://registry.npmjs.org/process-nextick-args/-/process-nextick-args-1.0.7.tgz",
          "integrity": "sha1-FQ4gt1ZZCtP5EJPyWk8q2L/zC6M="
        },
        "pump": {
          "version": "https://registry.npmjs.org/pump/-/pump-1.0.2.tgz",
          "integrity": "sha1-Oz7mUS+U8OV1U4wXmV+fFpkKXVE="
        },
        "pumpify": {
          "version": "https://registry.npmjs.org/pumpify/-/pumpify-1.3.5.tgz",
          "integrity": "sha1-G2ccYZlAq8rqwK0OOjwWS+dgmTs="
        },
        "punycode": {
          "version": "https://registry.npmjs.org/punycode/-/punycode-1.4.1.tgz",
          "integrity": "sha1-wNWmOycYgArY4esPpSachN1BhF4="
        },
        "qs": {
          "version": "https://registry.npmjs.org/qs/-/qs-6.5.1.tgz",
          "integrity": "sha1-NJzfbu+J7EXBLX1es/wMhwNDptg="
        },
        "readable-stream": {
          "version": "https://registry.npmjs.org/readable-stream/-/readable-stream-2.3.3.tgz",
          "integrity": "sha1-No8lEtefnUb9/HE0mueHi7weuVw="
        },
        "request": {
          "version": "https://registry.npmjs.org/request/-/request-2.82.0.tgz",
          "integrity": "sha1-K6ipLNesRWYOorEKU65nzSR1Fuo="
        },
        "retry-request": {
          "version": "https://registry.npmjs.org/retry-request/-/retry-request-2.0.5.tgz",
          "integrity": "sha1-0ImhShXbntYGhbhgK0D03MDT+zw="
        },
        "safe-buffer": {
          "version": "https://registry.npmjs.org/safe-buffer/-/safe-buffer-5.1.1.tgz",
          "integrity": "sha1-iTMSr2myEj3vcfV4iQAWce6yyFM="
        },
        "signal-exit": {
          "version": "https://registry.npmjs.org/signal-exit/-/signal-exit-3.0.2.tgz",
          "integrity": "sha1-tf3AjxKH6hF4Yo5BXiUTK3NkbG0="
        },
        "sntp": {
          "version": "https://registry.npmjs.org/sntp/-/sntp-2.0.2.tgz",
          "integrity": "sha1-UGQRDwr4X3z9t9a2ekACjOUrSys="
        },
        "split-array-stream": {
          "version": "https://registry.npmjs.org/split-array-stream/-/split-array-stream-1.0.3.tgz",
          "integrity": "sha1-0rdajl4Ngk1S/eyLgiWDncLjXfo="
        },
        "sshpk": {
          "version": "https://registry.npmjs.org/sshpk/-/sshpk-1.13.1.tgz",
          "integrity": "sha1-US322mKHFEMW3EwY/hzx2UBzm+M="
        },
        "stream-events": {
          "version": "https://registry.npmjs.org/stream-events/-/stream-events-1.0.2.tgz",
          "integrity": "sha1-q/OfZsCJCk63lbyNXoWbJhW1kLI="
        },
        "stream-shift": {
          "version": "https://registry.npmjs.org/stream-shift/-/stream-shift-1.0.0.tgz",
          "integrity": "sha1-1cdSgl5TZ+eG944Y5EXqIjoVWVI="
        },
        "string_decoder": {
          "version": "https://registry.npmjs.org/string_decoder/-/string_decoder-1.0.3.tgz",
          "integrity": "sha1-D8Z9fBQYJd6UKC3VNr7GubzoYKs="
        },
        "string-format-obj": {
          "version": "https://registry.npmjs.org/string-format-obj/-/string-format-obj-1.1.0.tgz",
          "integrity": "sha1-djVhCx7zlwE+hHi+mKFw4EmD0Gg="
        },
        "stringstream": {
          "version": "https://registry.npmjs.org/stringstream/-/stringstream-0.0.5.tgz",
          "integrity": "sha1-TkhM1N5aC7vuGORjB3EKioFiGHg="
        },
        "stubs": {
          "version": "https://registry.npmjs.org/stubs/-/stubs-3.0.0.tgz",
          "integrity": "sha1-6NK6H6nJBXAwPAMLaQD31fiavls="
        },
        "through2": {
          "version": "https://registry.npmjs.org/through2/-/through2-2.0.3.tgz",
          "integrity": "sha1-AARWmzfHx0ujnEPzzteNGtlBQL4="
        },
        "topo": {
          "version": "https://registry.npmjs.org/topo/-/topo-1.1.0.tgz",
          "integrity": "sha1-6ddRYV0buH3IZdsYL6HKCl71NtU=",
          "dependencies": {
            "hoek": {
              "version": "https://registry.npmjs.org/hoek/-/hoek-2.16.3.tgz",
              "integrity": "sha1-ILt0A9POo5jpHcRxCo/xuCdKJe0="
            }
          }
        },
        "tough-cookie": {
          "version": "https://registry.npmjs.org/tough-cookie/-/tough-cookie-2.3.3.tgz",
          "integrity": "sha1-C2GKVWW23qkL80JdBNVe3EdadWE="
        },
        "tunnel-agent": {
          "version": "https://registry.npmjs.org/tunnel-agent/-/tunnel-agent-0.6.0.tgz",
          "integrity": "sha1-J6XeoGs2sEoKmWZ3SykIaPD8QP0="
        },
        "tweetnacl": {
          "version": "https://registry.npmjs.org/tweetnacl/-/tweetnacl-0.14.5.tgz",
          "integrity": "sha1-WuaBd/GS1EViadEIr6k/+HQ/T2Q=",
          "optional": true
        },
        "typedarray": {
          "version": "https://registry.npmjs.org/typedarray/-/typedarray-0.0.6.tgz",
          "integrity": "sha1-hnrHTjhkGHsdPUfZlqeOxciDB3c="
        },
        "unique-string": {
          "version": "https://registry.npmjs.org/unique-string/-/unique-string-1.0.0.tgz",
          "integrity": "sha1-nhBXzKhRq7kzmPizOuGHuZyuwRo="
        },
        "util-deprecate": {
          "version": "https://registry.npmjs.org/util-deprecate/-/util-deprecate-1.0.2.tgz",
          "integrity": "sha1-RQ1Nyfpw3nMnYvvS1KKJgUGaDM8="
        },
        "uuid": {
          "version": "https://registry.npmjs.org/uuid/-/uuid-3.1.0.tgz",
          "integrity": "sha1-PdPT55Crwk17DToDT/q6vijrvAQ="
        },
        "verror": {
          "version": "https://registry.npmjs.org/verror/-/verror-1.10.0.tgz",
          "integrity": "sha1-OhBcoXBTr1XW4nDB+CiGguGNpAA="
        },
        "websocket-driver": {
          "version": "https://registry.npmjs.org/websocket-driver/-/websocket-driver-0.7.0.tgz",
          "integrity": "sha1-DK+dLXVdk67gSdS90NP+LMoqJOs="
        },
        "websocket-extensions": {
          "version": "https://registry.npmjs.org/websocket-extensions/-/websocket-extensions-0.1.2.tgz",
          "integrity": "sha1-Dhh4HeYpoYMIzhSBZQ9n/6JpOl0="
        },
        "wrappy": {
          "version": "https://registry.npmjs.org/wrappy/-/wrappy-1.0.2.tgz",
          "integrity": "sha1-tSQ9jz7BqjXxNkYFvA0QNuMKtp8="
        },
        "write-file-atomic": {
          "version": "https://registry.npmjs.org/write-file-atomic/-/write-file-atomic-2.3.0.tgz",
          "integrity": "sha1-H/YVdcLipOjlENb6TiQ8zhg5mas="
        },
        "xdg-basedir": {
          "version": "https://registry.npmjs.org/xdg-basedir/-/xdg-basedir-3.0.0.tgz",
          "integrity": "sha1-SWsswQnsqNus/i3HK2A8F8WHCtQ="
        },
        "xtend": {
          "version": "https://registry.npmjs.org/xtend/-/xtend-4.0.1.tgz",
          "integrity": "sha1-pcbVMr5lbiPbgg77lDofBJmNY68="
        }
      }
    }
  }
}
